// !$*UTF8*$!
{
	archiveVersion = 1;
	classes = {
	};
	objectVersion = 46;
	objects = {

/* Begin PBXBuildFile section */
		CD02453D1E2A3D930030C8E7 /* LLChatOtherTableViewCell.m in Sources */ = {isa = PBXBuildFile; fileRef = CD02453C1E2A3D930030C8E7 /* LLChatOtherTableViewCell.m */; };
		CD3F798A1E28AFF000E5CB27 /* LLChatViewController.m in Sources */ = {isa = PBXBuildFile; fileRef = CD3F79891E28AFF000E5CB27 /* LLChatViewController.m */; };
		CD3F798D1E28B0A500E5CB27 /* LLChat.m in Sources */ = {isa = PBXBuildFile; fileRef = CD3F798C1E28B0A500E5CB27 /* LLChat.m */; };
		CD3F79901E28B58100E5CB27 /* LLChatViewCell.m in Sources */ = {isa = PBXBuildFile; fileRef = CD3F798F1E28B58100E5CB27 /* LLChatViewCell.m */; };
		CD3F79921E28C26500E5CB27 /* Chats.plist in Resources */ = {isa = PBXBuildFile; fileRef = CD3F79911E28C26500E5CB27 /* Chats.plist */; };
		CD6A0F011E27A5390059EBE5 /* LLBusinessType.m in Sources */ = {isa = PBXBuildFile; fileRef = CD6A0EF71E27A5390059EBE5 /* LLBusinessType.m */; };
		CD6A0F021E27A5390059EBE5 /* businessType.plist in Resources */ = {isa = PBXBuildFile; fileRef = CD6A0EF91E27A5390059EBE5 /* businessType.plist */; };
		CD6A0F031E27A5390059EBE5 /* LLBusinessTypeFlowLayout.m in Sources */ = {isa = PBXBuildFile; fileRef = CD6A0EFB1E27A5390059EBE5 /* LLBusinessTypeFlowLayout.m */; };
		CD6A0F041E27A5390059EBE5 /* LLBusinessTypeView.m in Sources */ = {isa = PBXBuildFile; fileRef = CD6A0EFE1E27A5390059EBE5 /* LLBusinessTypeView.m */; };
		CD6A0F051E27A5390059EBE5 /* LLBussnissTypeCell.m in Sources */ = {isa = PBXBuildFile; fileRef = CD6A0F001E27A5390059EBE5 /* LLBussnissTypeCell.m */; };
		CD6A0F081E27A56B0059EBE5 /* UILabel+Addition.m in Sources */ = {isa = PBXBuildFile; fileRef = CD6A0F071E27A56B0059EBE5 /* UILabel+Addition.m */; };
		CD6A0F0D1E27A89D0059EBE5 /* NSArray+Addition.m in Sources */ = {isa = PBXBuildFile; fileRef = CD6A0F0A1E27A89D0059EBE5 /* NSArray+Addition.m */; };
		CD6A0F0E1E27A89D0059EBE5 /* NSObject+Addition.m in Sources */ = {isa = PBXBuildFile; fileRef = CD6A0F0C1E27A89D0059EBE5 /* NSObject+Addition.m */; };
		CD6A0F101E27BC2F0059EBE5 /* Friends.plist in Resources */ = {isa = PBXBuildFile; fileRef = CD6A0F0F1E27BC2F0059EBE5 /* Friends.plist */; };
		CD6A0F131E27BCDF0059EBE5 /* LLFriend.m in Sources */ = {isa = PBXBuildFile; fileRef = CD6A0F121E27BCDF0059EBE5 /* LLFriend.m */; };
		CD6A0F171E27BE950059EBE5 /* LLFriendCell.m in Sources */ = {isa = PBXBuildFile; fileRef = CD6A0F151E27BE950059EBE5 /* LLFriendCell.m */; };
		CD6A0F181E27BE950059EBE5 /* LLFriendCell.xib in Resources */ = {isa = PBXBuildFile; fileRef = CD6A0F161E27BE950059EBE5 /* LLFriendCell.xib */; };
		CD96E5681E287DE100AF1A1D /* LLMomentController.m in Sources */ = {isa = PBXBuildFile; fileRef = CD96E55D1E287DE100AF1A1D /* LLMomentController.m */; };
		CD96E5691E287DE100AF1A1D /* LLMoment.m in Sources */ = {isa = PBXBuildFile; fileRef = CD96E5601E287DE100AF1A1D /* LLMoment.m */; };
		CD96E56A1E287DE100AF1A1D /* Moment.plist in Resources */ = {isa = PBXBuildFile; fileRef = CD96E5621E287DE100AF1A1D /* Moment.plist */; };
		CD96E56B1E287DE100AF1A1D /* LLMomentCell.m in Sources */ = {isa = PBXBuildFile; fileRef = CD96E5651E287DE100AF1A1D /* LLMomentCell.m */; };
		CD96E56C1E287DE100AF1A1D /* LLMomentHeaderView.m in Sources */ = {isa = PBXBuildFile; fileRef = CD96E5671E287DE100AF1A1D /* LLMomentHeaderView.m */; };
		CDC9E3E11E24F10900355C7B /* main.m in Sources */ = {isa = PBXBuildFile; fileRef = CDC9E3E01E24F10900355C7B /* main.m */; };
		CDC9E3EC1E24F10900355C7B /* Assets.xcassets in Resources */ = {isa = PBXBuildFile; fileRef = CDC9E3EB1E24F10900355C7B /* Assets.xcassets */; };
		CDC9E3EF1E24F10900355C7B /* LaunchScreen.storyboard in Resources */ = {isa = PBXBuildFile; fileRef = CDC9E3ED1E24F10900355C7B /* LaunchScreen.storyboard */; };
		CDC9E4341E24F66600355C7B /* NSAttributedString+Additon.m in Sources */ = {isa = PBXBuildFile; fileRef = CDC9E4121E24F66600355C7B /* NSAttributedString+Additon.m */; };
		CDC9E4351E24F66600355C7B /* UIColor+Addition.m in Sources */ = {isa = PBXBuildFile; fileRef = CDC9E4141E24F66600355C7B /* UIColor+Addition.m */; };
		CDC9E4361E24F66600355C7B /* Info.plist in Resources */ = {isa = PBXBuildFile; fileRef = CDC9E4171E24F66600355C7B /* Info.plist */; };
		CDC9E4371E24F66600355C7B /* MASCompositeConstraint.m in Sources */ = {isa = PBXBuildFile; fileRef = CDC9E4191E24F66600355C7B /* MASCompositeConstraint.m */; };
		CDC9E4381E24F66600355C7B /* MASConstraint.m in Sources */ = {isa = PBXBuildFile; fileRef = CDC9E41C1E24F66600355C7B /* MASConstraint.m */; };
		CDC9E4391E24F66600355C7B /* MASConstraintMaker.m in Sources */ = {isa = PBXBuildFile; fileRef = CDC9E41E1E24F66600355C7B /* MASConstraintMaker.m */; };
		CDC9E43A1E24F66600355C7B /* MASLayoutConstraint.m in Sources */ = {isa = PBXBuildFile; fileRef = CDC9E4201E24F66600355C7B /* MASLayoutConstraint.m */; };
		CDC9E43B1E24F66600355C7B /* MASViewAttribute.m in Sources */ = {isa = PBXBuildFile; fileRef = CDC9E4241E24F66600355C7B /* MASViewAttribute.m */; };
		CDC9E43C1E24F66600355C7B /* MASViewConstraint.m in Sources */ = {isa = PBXBuildFile; fileRef = CDC9E4261E24F66600355C7B /* MASViewConstraint.m */; };
		CDC9E43D1E24F66600355C7B /* NSArray+MASAdditions.m in Sources */ = {isa = PBXBuildFile; fileRef = CDC9E4281E24F66600355C7B /* NSArray+MASAdditions.m */; };
		CDC9E43E1E24F66600355C7B /* NSLayoutConstraint+MASDebugAdditions.m in Sources */ = {isa = PBXBuildFile; fileRef = CDC9E42B1E24F66600355C7B /* NSLayoutConstraint+MASDebugAdditions.m */; };
		CDC9E43F1E24F66600355C7B /* View+MASAdditions.m in Sources */ = {isa = PBXBuildFile; fileRef = CDC9E42D1E24F66600355C7B /* View+MASAdditions.m */; };
		CDC9E4401E24F66600355C7B /* ViewController+MASAdditions.m in Sources */ = {isa = PBXBuildFile; fileRef = CDC9E4301E24F66600355C7B /* ViewController+MASAdditions.m */; };
		CDC9E4411E24F66600355C7B /* AppDelegate.m in Sources */ = {isa = PBXBuildFile; fileRef = CDC9E4331E24F66600355C7B /* AppDelegate.m */; };
		CDCA61DF1E25141C00ACE420 /* LLHomeTopView.m in Sources */ = {isa = PBXBuildFile; fileRef = CDCA61DE1E25141C00ACE420 /* LLHomeTopView.m */; };
		CDDCE9141E2BA03600241E4D /* LLMineFlowLayout.m in Sources */ = {isa = PBXBuildFile; fileRef = CDDCE9131E2BA03600241E4D /* LLMineFlowLayout.m */; };
		CDDCE9171E2BA1F700241E4D /* LLMineOption.m in Sources */ = {isa = PBXBuildFile; fileRef = CDDCE9161E2BA1F700241E4D /* LLMineOption.m */; };
		CDDCE9191E2BA24300241E4D /* MineOption.plist in Resources */ = {isa = PBXBuildFile; fileRef = CDDCE9181E2BA24300241E4D /* MineOption.plist */; };
		CDDCE91D1E2BA62500241E4D /* LLMineInfoCell.m in Sources */ = {isa = PBXBuildFile; fileRef = CDDCE91B1E2BA62500241E4D /* LLMineInfoCell.m */; };
		CDDCE91E1E2BA62500241E4D /* LLMineInfoCell.xib in Resources */ = {isa = PBXBuildFile; fileRef = CDDCE91C1E2BA62500241E4D /* LLMineInfoCell.xib */; };
		CDDCE9221E2BA64B00241E4D /* LLMineBalanceCell.m in Sources */ = {isa = PBXBuildFile; fileRef = CDDCE9201E2BA64B00241E4D /* LLMineBalanceCell.m */; };
		CDDCE9231E2BA64B00241E4D /* LLMineBalanceCell.xib in Resources */ = {isa = PBXBuildFile; fileRef = CDDCE9211E2BA64B00241E4D /* LLMineBalanceCell.xib */; };
		CDDCE9271E2BA67700241E4D /* LLMineOptionCell.m in Sources */ = {isa = PBXBuildFile; fileRef = CDDCE9251E2BA67700241E4D /* LLMineOptionCell.m */; };
		CDDCE9281E2BA67700241E4D /* LLMineOptionCell.xib in Resources */ = {isa = PBXBuildFile; fileRef = CDDCE9261E2BA67700241E4D /* LLMineOptionCell.xib */; };
		CDE217EE1E25E04C0012C4D6 /* LLBusinessController.m in Sources */ = {isa = PBXBuildFile; fileRef = CDE217DF1E25E04C0012C4D6 /* LLBusinessController.m */; };
		CDE217EF1E25E04C0012C4D6 /* LLBusinessModel.m in Sources */ = {isa = PBXBuildFile; fileRef = CDE217E21E25E04C0012C4D6 /* LLBusinessModel.m */; };
		CDE217F01E25E04C0012C4D6 /* business.plist in Resources */ = {isa = PBXBuildFile; fileRef = CDE217E41E25E04C0012C4D6 /* business.plist */; };
		CDE217F11E25E04C0012C4D6 /* LLBusinessCell.m in Sources */ = {isa = PBXBuildFile; fileRef = CDE217E71E25E04C0012C4D6 /* LLBusinessCell.m */; };
		CDE217F21E25E04C0012C4D6 /* LLBusinessTopPic.m in Sources */ = {isa = PBXBuildFile; fileRef = CDE217E91E25E04C0012C4D6 /* LLBusinessTopPic.m */; };
		CDE217F31E25E04C0012C4D6 /* LLBusinessTopPic.xib in Resources */ = {isa = PBXBuildFile; fileRef = CDE217EA1E25E04C0012C4D6 /* LLBusinessTopPic.xib */; };
		CDE217F41E25E04C0012C4D6 /* LLLevelView.m in Sources */ = {isa = PBXBuildFile; fileRef = CDE217ED1E25E04C0012C4D6 /* LLLevelView.m */; };
		CDE217F61E25E0FD0012C4D6 /* LLBusiness.storyboard in Resources */ = {isa = PBXBuildFile; fileRef = CDE217F51E25E0FD0012C4D6 /* LLBusiness.storyboard */; };
		CDEB5B851E25062500911C79 /* LLNaviViewController.m in Sources */ = {isa = PBXBuildFile; fileRef = CDEB5B841E25062500911C79 /* LLNaviViewController.m */; };
		CDEE6EEC1E24FF3000A53165 /* LLFriendViewController.m in Sources */ = {isa = PBXBuildFile; fileRef = CDEE6EEB1E24FF3000A53165 /* LLFriendViewController.m */; };
		CDEE6EEF1E24FF3D00A53165 /* LLHomeViewController.m in Sources */ = {isa = PBXBuildFile; fileRef = CDEE6EEE1E24FF3D00A53165 /* LLHomeViewController.m */; };
		CDEE6EF21E24FF4900A53165 /* LLMineViewController.m in Sources */ = {isa = PBXBuildFile; fileRef = CDEE6EF11E24FF4900A53165 /* LLMineViewController.m */; };
		CDEE6EF51E25012F00A53165 /* LLTabBarViewController.m in Sources */ = {isa = PBXBuildFile; fileRef = CDEE6EF41E25012F00A53165 /* LLTabBarViewController.m */; };
/* End PBXBuildFile section */

/* Begin PBXFileReference section */
		CD02453B1E2A3D930030C8E7 /* LLChatOtherTableViewCell.h */ = {isa = PBXFileReference; fileEncoding = 4; lastKnownFileType = sourcecode.c.h; path = LLChatOtherTableViewCell.h; sourceTree = "<group>"; };
		CD02453C1E2A3D930030C8E7 /* LLChatOtherTableViewCell.m */ = {isa = PBXFileReference; fileEncoding = 4; lastKnownFileType = sourcecode.c.objc; path = LLChatOtherTableViewCell.m; sourceTree = "<group>"; };
		CD3F79881E28AFF000E5CB27 /* LLChatViewController.h */ = {isa = PBXFileReference; fileEncoding = 4; lastKnownFileType = sourcecode.c.h; path = LLChatViewController.h; sourceTree = "<group>"; };
		CD3F79891E28AFF000E5CB27 /* LLChatViewController.m */ = {isa = PBXFileReference; fileEncoding = 4; lastKnownFileType = sourcecode.c.objc; path = LLChatViewController.m; sourceTree = "<group>"; };
		CD3F798B1E28B0A500E5CB27 /* LLChat.h */ = {isa = PBXFileReference; fileEncoding = 4; lastKnownFileType = sourcecode.c.h; path = LLChat.h; sourceTree = "<group>"; };
		CD3F798C1E28B0A500E5CB27 /* LLChat.m */ = {isa = PBXFileReference; fileEncoding = 4; lastKnownFileType = sourcecode.c.objc; path = LLChat.m; sourceTree = "<group>"; };
		CD3F798E1E28B58100E5CB27 /* LLChatViewCell.h */ = {isa = PBXFileReference; fileEncoding = 4; lastKnownFileType = sourcecode.c.h; path = LLChatViewCell.h; sourceTree = "<group>"; };
		CD3F798F1E28B58100E5CB27 /* LLChatViewCell.m */ = {isa = PBXFileReference; fileEncoding = 4; lastKnownFileType = sourcecode.c.objc; path = LLChatViewCell.m; sourceTree = "<group>"; };
		CD3F79911E28C26500E5CB27 /* Chats.plist */ = {isa = PBXFileReference; fileEncoding = 4; lastKnownFileType = text.plist.xml; path = Chats.plist; sourceTree = "<group>"; };
		CD6A0EF61E27A5390059EBE5 /* LLBusinessType.h */ = {isa = PBXFileReference; fileEncoding = 4; lastKnownFileType = sourcecode.c.h; path = LLBusinessType.h; sourceTree = "<group>"; };
		CD6A0EF71E27A5390059EBE5 /* LLBusinessType.m */ = {isa = PBXFileReference; fileEncoding = 4; lastKnownFileType = sourcecode.c.objc; path = LLBusinessType.m; sourceTree = "<group>"; };
		CD6A0EF91E27A5390059EBE5 /* businessType.plist */ = {isa = PBXFileReference; fileEncoding = 4; lastKnownFileType = text.plist.xml; path = businessType.plist; sourceTree = "<group>"; };
		CD6A0EFA1E27A5390059EBE5 /* LLBusinessTypeFlowLayout.h */ = {isa = PBXFileReference; fileEncoding = 4; lastKnownFileType = sourcecode.c.h; path = LLBusinessTypeFlowLayout.h; sourceTree = "<group>"; };
		CD6A0EFB1E27A5390059EBE5 /* LLBusinessTypeFlowLayout.m */ = {isa = PBXFileReference; fileEncoding = 4; lastKnownFileType = sourcecode.c.objc; path = LLBusinessTypeFlowLayout.m; sourceTree = "<group>"; };
		CD6A0EFD1E27A5390059EBE5 /* LLBusinessTypeView.h */ = {isa = PBXFileReference; fileEncoding = 4; lastKnownFileType = sourcecode.c.h; path = LLBusinessTypeView.h; sourceTree = "<group>"; };
		CD6A0EFE1E27A5390059EBE5 /* LLBusinessTypeView.m */ = {isa = PBXFileReference; fileEncoding = 4; lastKnownFileType = sourcecode.c.objc; path = LLBusinessTypeView.m; sourceTree = "<group>"; };
		CD6A0EFF1E27A5390059EBE5 /* LLBussnissTypeCell.h */ = {isa = PBXFileReference; fileEncoding = 4; lastKnownFileType = sourcecode.c.h; path = LLBussnissTypeCell.h; sourceTree = "<group>"; };
		CD6A0F001E27A5390059EBE5 /* LLBussnissTypeCell.m */ = {isa = PBXFileReference; fileEncoding = 4; lastKnownFileType = sourcecode.c.objc; path = LLBussnissTypeCell.m; sourceTree = "<group>"; };
		CD6A0F061E27A56B0059EBE5 /* UILabel+Addition.h */ = {isa = PBXFileReference; fileEncoding = 4; lastKnownFileType = sourcecode.c.h; path = "UILabel+Addition.h"; sourceTree = "<group>"; };
		CD6A0F071E27A56B0059EBE5 /* UILabel+Addition.m */ = {isa = PBXFileReference; fileEncoding = 4; lastKnownFileType = sourcecode.c.objc; path = "UILabel+Addition.m"; sourceTree = "<group>"; };
		CD6A0F091E27A89D0059EBE5 /* NSArray+Addition.h */ = {isa = PBXFileReference; fileEncoding = 4; lastKnownFileType = sourcecode.c.h; path = "NSArray+Addition.h"; sourceTree = "<group>"; };
		CD6A0F0A1E27A89D0059EBE5 /* NSArray+Addition.m */ = {isa = PBXFileReference; fileEncoding = 4; lastKnownFileType = sourcecode.c.objc; path = "NSArray+Addition.m"; sourceTree = "<group>"; };
		CD6A0F0B1E27A89D0059EBE5 /* NSObject+Addition.h */ = {isa = PBXFileReference; fileEncoding = 4; lastKnownFileType = sourcecode.c.h; path = "NSObject+Addition.h"; sourceTree = "<group>"; };
		CD6A0F0C1E27A89D0059EBE5 /* NSObject+Addition.m */ = {isa = PBXFileReference; fileEncoding = 4; lastKnownFileType = sourcecode.c.objc; path = "NSObject+Addition.m"; sourceTree = "<group>"; };
		CD6A0F0F1E27BC2F0059EBE5 /* Friends.plist */ = {isa = PBXFileReference; fileEncoding = 4; lastKnownFileType = text.plist.xml; path = Friends.plist; sourceTree = "<group>"; };
		CD6A0F111E27BCDF0059EBE5 /* LLFriend.h */ = {isa = PBXFileReference; fileEncoding = 4; lastKnownFileType = sourcecode.c.h; path = LLFriend.h; sourceTree = "<group>"; };
		CD6A0F121E27BCDF0059EBE5 /* LLFriend.m */ = {isa = PBXFileReference; fileEncoding = 4; lastKnownFileType = sourcecode.c.objc; path = LLFriend.m; sourceTree = "<group>"; };
		CD6A0F141E27BE950059EBE5 /* LLFriendCell.h */ = {isa = PBXFileReference; fileEncoding = 4; lastKnownFileType = sourcecode.c.h; path = LLFriendCell.h; sourceTree = "<group>"; };
		CD6A0F151E27BE950059EBE5 /* LLFriendCell.m */ = {isa = PBXFileReference; fileEncoding = 4; lastKnownFileType = sourcecode.c.objc; path = LLFriendCell.m; sourceTree = "<group>"; };
		CD6A0F161E27BE950059EBE5 /* LLFriendCell.xib */ = {isa = PBXFileReference; fileEncoding = 4; lastKnownFileType = file.xib; path = LLFriendCell.xib; sourceTree = "<group>"; };
		CD96E55C1E287DE100AF1A1D /* LLMomentController.h */ = {isa = PBXFileReference; fileEncoding = 4; lastKnownFileType = sourcecode.c.h; path = LLMomentController.h; sourceTree = "<group>"; };
		CD96E55D1E287DE100AF1A1D /* LLMomentController.m */ = {isa = PBXFileReference; fileEncoding = 4; lastKnownFileType = sourcecode.c.objc; path = LLMomentController.m; sourceTree = "<group>"; };
		CD96E55F1E287DE100AF1A1D /* LLMoment.h */ = {isa = PBXFileReference; fileEncoding = 4; lastKnownFileType = sourcecode.c.h; path = LLMoment.h; sourceTree = "<group>"; };
		CD96E5601E287DE100AF1A1D /* LLMoment.m */ = {isa = PBXFileReference; fileEncoding = 4; lastKnownFileType = sourcecode.c.objc; path = LLMoment.m; sourceTree = "<group>"; };
		CD96E5621E287DE100AF1A1D /* Moment.plist */ = {isa = PBXFileReference; fileEncoding = 4; lastKnownFileType = text.plist.xml; path = Moment.plist; sourceTree = "<group>"; };
		CD96E5641E287DE100AF1A1D /* LLMomentCell.h */ = {isa = PBXFileReference; fileEncoding = 4; lastKnownFileType = sourcecode.c.h; path = LLMomentCell.h; sourceTree = "<group>"; };
		CD96E5651E287DE100AF1A1D /* LLMomentCell.m */ = {isa = PBXFileReference; fileEncoding = 4; lastKnownFileType = sourcecode.c.objc; path = LLMomentCell.m; sourceTree = "<group>"; };
		CD96E5661E287DE100AF1A1D /* LLMomentHeaderView.h */ = {isa = PBXFileReference; fileEncoding = 4; lastKnownFileType = sourcecode.c.h; path = LLMomentHeaderView.h; sourceTree = "<group>"; };
		CD96E5671E287DE100AF1A1D /* LLMomentHeaderView.m */ = {isa = PBXFileReference; fileEncoding = 4; lastKnownFileType = sourcecode.c.objc; path = LLMomentHeaderView.m; sourceTree = "<group>"; };
		CDC9E3DC1E24F10900355C7B /* Alipay.app */ = {isa = PBXFileReference; explicitFileType = wrapper.application; includeInIndex = 0; path = Alipay.app; sourceTree = BUILT_PRODUCTS_DIR; };
		CDC9E3E01E24F10900355C7B /* main.m */ = {isa = PBXFileReference; lastKnownFileType = sourcecode.c.objc; path = main.m; sourceTree = "<group>"; };
		CDC9E3EB1E24F10900355C7B /* Assets.xcassets */ = {isa = PBXFileReference; lastKnownFileType = folder.assetcatalog; path = Assets.xcassets; sourceTree = "<group>"; };
		CDC9E3EE1E24F10900355C7B /* Base */ = {isa = PBXFileReference; lastKnownFileType = file.storyboard; name = Base; path = Base.lproj/LaunchScreen.storyboard; sourceTree = "<group>"; };
		CDC9E3F01E24F10900355C7B /* Info.plist */ = {isa = PBXFileReference; lastKnownFileType = text.plist.xml; path = Info.plist; sourceTree = "<group>"; };
		CDC9E4111E24F66600355C7B /* NSAttributedString+Additon.h */ = {isa = PBXFileReference; fileEncoding = 4; lastKnownFileType = sourcecode.c.h; path = "NSAttributedString+Additon.h"; sourceTree = "<group>"; };
		CDC9E4121E24F66600355C7B /* NSAttributedString+Additon.m */ = {isa = PBXFileReference; fileEncoding = 4; lastKnownFileType = sourcecode.c.objc; path = "NSAttributedString+Additon.m"; sourceTree = "<group>"; };
		CDC9E4131E24F66600355C7B /* UIColor+Addition.h */ = {isa = PBXFileReference; fileEncoding = 4; lastKnownFileType = sourcecode.c.h; path = "UIColor+Addition.h"; sourceTree = "<group>"; };
		CDC9E4141E24F66600355C7B /* UIColor+Addition.m */ = {isa = PBXFileReference; fileEncoding = 4; lastKnownFileType = sourcecode.c.objc; path = "UIColor+Addition.m"; sourceTree = "<group>"; };
		CDC9E4171E24F66600355C7B /* Info.plist */ = {isa = PBXFileReference; fileEncoding = 4; lastKnownFileType = text.plist.xml; path = Info.plist; sourceTree = "<group>"; };
		CDC9E4181E24F66600355C7B /* MASCompositeConstraint.h */ = {isa = PBXFileReference; fileEncoding = 4; lastKnownFileType = sourcecode.c.h; path = MASCompositeConstraint.h; sourceTree = "<group>"; };
		CDC9E4191E24F66600355C7B /* MASCompositeConstraint.m */ = {isa = PBXFileReference; fileEncoding = 4; lastKnownFileType = sourcecode.c.objc; path = MASCompositeConstraint.m; sourceTree = "<group>"; };
		CDC9E41A1E24F66600355C7B /* MASConstraint+Private.h */ = {isa = PBXFileReference; fileEncoding = 4; lastKnownFileType = sourcecode.c.h; path = "MASConstraint+Private.h"; sourceTree = "<group>"; };
		CDC9E41B1E24F66600355C7B /* MASConstraint.h */ = {isa = PBXFileReference; fileEncoding = 4; lastKnownFileType = sourcecode.c.h; path = MASConstraint.h; sourceTree = "<group>"; };
		CDC9E41C1E24F66600355C7B /* MASConstraint.m */ = {isa = PBXFileReference; fileEncoding = 4; lastKnownFileType = sourcecode.c.objc; path = MASConstraint.m; sourceTree = "<group>"; };
		CDC9E41D1E24F66600355C7B /* MASConstraintMaker.h */ = {isa = PBXFileReference; fileEncoding = 4; lastKnownFileType = sourcecode.c.h; path = MASConstraintMaker.h; sourceTree = "<group>"; };
		CDC9E41E1E24F66600355C7B /* MASConstraintMaker.m */ = {isa = PBXFileReference; fileEncoding = 4; lastKnownFileType = sourcecode.c.objc; path = MASConstraintMaker.m; sourceTree = "<group>"; };
		CDC9E41F1E24F66600355C7B /* MASLayoutConstraint.h */ = {isa = PBXFileReference; fileEncoding = 4; lastKnownFileType = sourcecode.c.h; path = MASLayoutConstraint.h; sourceTree = "<group>"; };
		CDC9E4201E24F66600355C7B /* MASLayoutConstraint.m */ = {isa = PBXFileReference; fileEncoding = 4; lastKnownFileType = sourcecode.c.objc; path = MASLayoutConstraint.m; sourceTree = "<group>"; };
		CDC9E4211E24F66600355C7B /* Masonry.h */ = {isa = PBXFileReference; fileEncoding = 4; lastKnownFileType = sourcecode.c.h; path = Masonry.h; sourceTree = "<group>"; };
		CDC9E4221E24F66600355C7B /* MASUtilities.h */ = {isa = PBXFileReference; fileEncoding = 4; lastKnownFileType = sourcecode.c.h; path = MASUtilities.h; sourceTree = "<group>"; };
		CDC9E4231E24F66600355C7B /* MASViewAttribute.h */ = {isa = PBXFileReference; fileEncoding = 4; lastKnownFileType = sourcecode.c.h; path = MASViewAttribute.h; sourceTree = "<group>"; };
		CDC9E4241E24F66600355C7B /* MASViewAttribute.m */ = {isa = PBXFileReference; fileEncoding = 4; lastKnownFileType = sourcecode.c.objc; path = MASViewAttribute.m; sourceTree = "<group>"; };
		CDC9E4251E24F66600355C7B /* MASViewConstraint.h */ = {isa = PBXFileReference; fileEncoding = 4; lastKnownFileType = sourcecode.c.h; path = MASViewConstraint.h; sourceTree = "<group>"; };
		CDC9E4261E24F66600355C7B /* MASViewConstraint.m */ = {isa = PBXFileReference; fileEncoding = 4; lastKnownFileType = sourcecode.c.objc; path = MASViewConstraint.m; sourceTree = "<group>"; };
		CDC9E4271E24F66600355C7B /* NSArray+MASAdditions.h */ = {isa = PBXFileReference; fileEncoding = 4; lastKnownFileType = sourcecode.c.h; path = "NSArray+MASAdditions.h"; sourceTree = "<group>"; };
		CDC9E4281E24F66600355C7B /* NSArray+MASAdditions.m */ = {isa = PBXFileReference; fileEncoding = 4; lastKnownFileType = sourcecode.c.objc; path = "NSArray+MASAdditions.m"; sourceTree = "<group>"; };
		CDC9E4291E24F66600355C7B /* NSArray+MASShorthandAdditions.h */ = {isa = PBXFileReference; fileEncoding = 4; lastKnownFileType = sourcecode.c.h; path = "NSArray+MASShorthandAdditions.h"; sourceTree = "<group>"; };
		CDC9E42A1E24F66600355C7B /* NSLayoutConstraint+MASDebugAdditions.h */ = {isa = PBXFileReference; fileEncoding = 4; lastKnownFileType = sourcecode.c.h; path = "NSLayoutConstraint+MASDebugAdditions.h"; sourceTree = "<group>"; };
		CDC9E42B1E24F66600355C7B /* NSLayoutConstraint+MASDebugAdditions.m */ = {isa = PBXFileReference; fileEncoding = 4; lastKnownFileType = sourcecode.c.objc; path = "NSLayoutConstraint+MASDebugAdditions.m"; sourceTree = "<group>"; };
		CDC9E42C1E24F66600355C7B /* View+MASAdditions.h */ = {isa = PBXFileReference; fileEncoding = 4; lastKnownFileType = sourcecode.c.h; path = "View+MASAdditions.h"; sourceTree = "<group>"; };
		CDC9E42D1E24F66600355C7B /* View+MASAdditions.m */ = {isa = PBXFileReference; fileEncoding = 4; lastKnownFileType = sourcecode.c.objc; path = "View+MASAdditions.m"; sourceTree = "<group>"; };
		CDC9E42E1E24F66600355C7B /* View+MASShorthandAdditions.h */ = {isa = PBXFileReference; fileEncoding = 4; lastKnownFileType = sourcecode.c.h; path = "View+MASShorthandAdditions.h"; sourceTree = "<group>"; };
		CDC9E42F1E24F66600355C7B /* ViewController+MASAdditions.h */ = {isa = PBXFileReference; fileEncoding = 4; lastKnownFileType = sourcecode.c.h; path = "ViewController+MASAdditions.h"; sourceTree = "<group>"; };
		CDC9E4301E24F66600355C7B /* ViewController+MASAdditions.m */ = {isa = PBXFileReference; fileEncoding = 4; lastKnownFileType = sourcecode.c.objc; path = "ViewController+MASAdditions.m"; sourceTree = "<group>"; };
		CDC9E4321E24F66600355C7B /* AppDelegate.h */ = {isa = PBXFileReference; fileEncoding = 4; lastKnownFileType = sourcecode.c.h; path = AppDelegate.h; sourceTree = "<group>"; };
		CDC9E4331E24F66600355C7B /* AppDelegate.m */ = {isa = PBXFileReference; fileEncoding = 4; lastKnownFileType = sourcecode.c.objc; path = AppDelegate.m; sourceTree = "<group>"; };
		CDCA61DD1E25141C00ACE420 /* LLHomeTopView.h */ = {isa = PBXFileReference; fileEncoding = 4; lastKnownFileType = sourcecode.c.h; path = LLHomeTopView.h; sourceTree = "<group>"; };
		CDCA61DE1E25141C00ACE420 /* LLHomeTopView.m */ = {isa = PBXFileReference; fileEncoding = 4; lastKnownFileType = sourcecode.c.objc; path = LLHomeTopView.m; sourceTree = "<group>"; };
		CDDCE9121E2BA03600241E4D /* LLMineFlowLayout.h */ = {isa = PBXFileReference; fileEncoding = 4; lastKnownFileType = sourcecode.c.h; path = LLMineFlowLayout.h; sourceTree = "<group>"; };
		CDDCE9131E2BA03600241E4D /* LLMineFlowLayout.m */ = {isa = PBXFileReference; fileEncoding = 4; lastKnownFileType = sourcecode.c.objc; path = LLMineFlowLayout.m; sourceTree = "<group>"; };
		CDDCE9151E2BA1F700241E4D /* LLMineOption.h */ = {isa = PBXFileReference; fileEncoding = 4; lastKnownFileType = sourcecode.c.h; path = LLMineOption.h; sourceTree = "<group>"; };
		CDDCE9161E2BA1F700241E4D /* LLMineOption.m */ = {isa = PBXFileReference; fileEncoding = 4; lastKnownFileType = sourcecode.c.objc; path = LLMineOption.m; sourceTree = "<group>"; };
		CDDCE9181E2BA24300241E4D /* MineOption.plist */ = {isa = PBXFileReference; fileEncoding = 4; lastKnownFileType = text.plist.xml; path = MineOption.plist; sourceTree = "<group>"; };
		CDDCE91A1E2BA62500241E4D /* LLMineInfoCell.h */ = {isa = PBXFileReference; fileEncoding = 4; lastKnownFileType = sourcecode.c.h; path = LLMineInfoCell.h; sourceTree = "<group>"; };
		CDDCE91B1E2BA62500241E4D /* LLMineInfoCell.m */ = {isa = PBXFileReference; fileEncoding = 4; lastKnownFileType = sourcecode.c.objc; path = LLMineInfoCell.m; sourceTree = "<group>"; };
		CDDCE91C1E2BA62500241E4D /* LLMineInfoCell.xib */ = {isa = PBXFileReference; fileEncoding = 4; lastKnownFileType = file.xib; path = LLMineInfoCell.xib; sourceTree = "<group>"; };
		CDDCE91F1E2BA64B00241E4D /* LLMineBalanceCell.h */ = {isa = PBXFileReference; fileEncoding = 4; lastKnownFileType = sourcecode.c.h; name = LLMineBalanceCell.h; path = ../../../../LLMineBalanceCell.h; sourceTree = "<group>"; };
		CDDCE9201E2BA64B00241E4D /* LLMineBalanceCell.m */ = {isa = PBXFileReference; fileEncoding = 4; lastKnownFileType = sourcecode.c.objc; name = LLMineBalanceCell.m; path = ../../../../LLMineBalanceCell.m; sourceTree = "<group>"; };
		CDDCE9211E2BA64B00241E4D /* LLMineBalanceCell.xib */ = {isa = PBXFileReference; fileEncoding = 4; lastKnownFileType = file.xib; name = LLMineBalanceCell.xib; path = ../../../../LLMineBalanceCell.xib; sourceTree = "<group>"; };
		CDDCE9241E2BA67700241E4D /* LLMineOptionCell.h */ = {isa = PBXFileReference; fileEncoding = 4; lastKnownFileType = sourcecode.c.h; path = LLMineOptionCell.h; sourceTree = "<group>"; };
		CDDCE9251E2BA67700241E4D /* LLMineOptionCell.m */ = {isa = PBXFileReference; fileEncoding = 4; lastKnownFileType = sourcecode.c.objc; path = LLMineOptionCell.m; sourceTree = "<group>"; };
		CDDCE9261E2BA67700241E4D /* LLMineOptionCell.xib */ = {isa = PBXFileReference; fileEncoding = 4; lastKnownFileType = file.xib; path = LLMineOptionCell.xib; sourceTree = "<group>"; };
		CDE217DE1E25E04C0012C4D6 /* LLBusinessController.h */ = {isa = PBXFileReference; fileEncoding = 4; lastKnownFileType = sourcecode.c.h; path = LLBusinessController.h; sourceTree = "<group>"; };
		CDE217DF1E25E04C0012C4D6 /* LLBusinessController.m */ = {isa = PBXFileReference; fileEncoding = 4; lastKnownFileType = sourcecode.c.objc; path = LLBusinessController.m; sourceTree = "<group>"; };
		CDE217E11E25E04C0012C4D6 /* LLBusinessModel.h */ = {isa = PBXFileReference; fileEncoding = 4; lastKnownFileType = sourcecode.c.h; path = LLBusinessModel.h; sourceTree = "<group>"; };
		CDE217E21E25E04C0012C4D6 /* LLBusinessModel.m */ = {isa = PBXFileReference; fileEncoding = 4; lastKnownFileType = sourcecode.c.objc; path = LLBusinessModel.m; sourceTree = "<group>"; };
		CDE217E41E25E04C0012C4D6 /* business.plist */ = {isa = PBXFileReference; fileEncoding = 4; lastKnownFileType = text.plist.xml; path = business.plist; sourceTree = "<group>"; };
		CDE217E61E25E04C0012C4D6 /* LLBusinessCell.h */ = {isa = PBXFileReference; fileEncoding = 4; lastKnownFileType = sourcecode.c.h; path = LLBusinessCell.h; sourceTree = "<group>"; };
		CDE217E71E25E04C0012C4D6 /* LLBusinessCell.m */ = {isa = PBXFileReference; fileEncoding = 4; lastKnownFileType = sourcecode.c.objc; path = LLBusinessCell.m; sourceTree = "<group>"; };
		CDE217E81E25E04C0012C4D6 /* LLBusinessTopPic.h */ = {isa = PBXFileReference; fileEncoding = 4; lastKnownFileType = sourcecode.c.h; path = LLBusinessTopPic.h; sourceTree = "<group>"; };
		CDE217E91E25E04C0012C4D6 /* LLBusinessTopPic.m */ = {isa = PBXFileReference; fileEncoding = 4; lastKnownFileType = sourcecode.c.objc; path = LLBusinessTopPic.m; sourceTree = "<group>"; };
		CDE217EA1E25E04C0012C4D6 /* LLBusinessTopPic.xib */ = {isa = PBXFileReference; fileEncoding = 4; lastKnownFileType = file.xib; path = LLBusinessTopPic.xib; sourceTree = "<group>"; };
		CDE217EC1E25E04C0012C4D6 /* LLLevelView.h */ = {isa = PBXFileReference; fileEncoding = 4; lastKnownFileType = sourcecode.c.h; path = LLLevelView.h; sourceTree = "<group>"; };
		CDE217ED1E25E04C0012C4D6 /* LLLevelView.m */ = {isa = PBXFileReference; fileEncoding = 4; lastKnownFileType = sourcecode.c.objc; path = LLLevelView.m; sourceTree = "<group>"; };
		CDE217F51E25E0FD0012C4D6 /* LLBusiness.storyboard */ = {isa = PBXFileReference; fileEncoding = 4; lastKnownFileType = file.storyboard; path = LLBusiness.storyboard; sourceTree = "<group>"; };
		CDEB5B831E25062500911C79 /* LLNaviViewController.h */ = {isa = PBXFileReference; fileEncoding = 4; lastKnownFileType = sourcecode.c.h; path = LLNaviViewController.h; sourceTree = "<group>"; };
		CDEB5B841E25062500911C79 /* LLNaviViewController.m */ = {isa = PBXFileReference; fileEncoding = 4; lastKnownFileType = sourcecode.c.objc; path = LLNaviViewController.m; sourceTree = "<group>"; };
		CDEE6EEA1E24FF3000A53165 /* LLFriendViewController.h */ = {isa = PBXFileReference; fileEncoding = 4; lastKnownFileType = sourcecode.c.h; path = LLFriendViewController.h; sourceTree = "<group>"; };
		CDEE6EEB1E24FF3000A53165 /* LLFriendViewController.m */ = {isa = PBXFileReference; fileEncoding = 4; lastKnownFileType = sourcecode.c.objc; path = LLFriendViewController.m; sourceTree = "<group>"; };
		CDEE6EED1E24FF3D00A53165 /* LLHomeViewController.h */ = {isa = PBXFileReference; fileEncoding = 4; lastKnownFileType = sourcecode.c.h; path = LLHomeViewController.h; sourceTree = "<group>"; };
		CDEE6EEE1E24FF3D00A53165 /* LLHomeViewController.m */ = {isa = PBXFileReference; fileEncoding = 4; lastKnownFileType = sourcecode.c.objc; path = LLHomeViewController.m; sourceTree = "<group>"; };
		CDEE6EF01E24FF4900A53165 /* LLMineViewController.h */ = {isa = PBXFileReference; fileEncoding = 4; lastKnownFileType = sourcecode.c.h; path = LLMineViewController.h; sourceTree = "<group>"; };
		CDEE6EF11E24FF4900A53165 /* LLMineViewController.m */ = {isa = PBXFileReference; fileEncoding = 4; lastKnownFileType = sourcecode.c.objc; path = LLMineViewController.m; sourceTree = "<group>"; };
		CDEE6EF31E25012F00A53165 /* LLTabBarViewController.h */ = {isa = PBXFileReference; fileEncoding = 4; lastKnownFileType = sourcecode.c.h; path = LLTabBarViewController.h; sourceTree = "<group>"; };
		CDEE6EF41E25012F00A53165 /* LLTabBarViewController.m */ = {isa = PBXFileReference; fileEncoding = 4; lastKnownFileType = sourcecode.c.objc; path = LLTabBarViewController.m; sourceTree = "<group>"; };
/* End PBXFileReference section */

/* Begin PBXFrameworksBuildPhase section */
		CDC9E3D91E24F10900355C7B /* Frameworks */ = {
			isa = PBXFrameworksBuildPhase;
			buildActionMask = 2147483647;
			files = (
			);
			runOnlyForDeploymentPostprocessing = 0;
		};
/* End PBXFrameworksBuildPhase section */

/* Begin PBXGroup section */
		CD3F79811E28AF4B00E5CB27 /* Chat */ = {
			isa = PBXGroup;
			children = (
				CD3F79821E28AF4B00E5CB27 /* Controller */,
				CD3F79831E28AF4B00E5CB27 /* Model */,
				CD3F79841E28AF4B00E5CB27 /* Other */,
				CD3F79851E28AF4B00E5CB27 /* View */,
			);
			path = Chat;
			sourceTree = "<group>";
		};
		CD3F79821E28AF4B00E5CB27 /* Controller */ = {
			isa = PBXGroup;
			children = (
				CD3F79881E28AFF000E5CB27 /* LLChatViewController.h */,
				CD3F79891E28AFF000E5CB27 /* LLChatViewController.m */,
			);
			path = Controller;
			sourceTree = "<group>";
		};
		CD3F79831E28AF4B00E5CB27 /* Model */ = {
			isa = PBXGroup;
			children = (
				CD3F798B1E28B0A500E5CB27 /* LLChat.h */,
				CD3F798C1E28B0A500E5CB27 /* LLChat.m */,
			);
			path = Model;
			sourceTree = "<group>";
		};
		CD3F79841E28AF4B00E5CB27 /* Other */ = {
			isa = PBXGroup;
			children = (
				CD3F79911E28C26500E5CB27 /* Chats.plist */,
			);
			path = Other;
			sourceTree = "<group>";
		};
		CD3F79851E28AF4B00E5CB27 /* View */ = {
			isa = PBXGroup;
			children = (
				CD3F798E1E28B58100E5CB27 /* LLChatViewCell.h */,
				CD3F798F1E28B58100E5CB27 /* LLChatViewCell.m */,
				CD02453B1E2A3D930030C8E7 /* LLChatOtherTableViewCell.h */,
				CD02453C1E2A3D930030C8E7 /* LLChatOtherTableViewCell.m */,
			);
			path = View;
			sourceTree = "<group>";
		};
		CD6A0EF31E27A5390059EBE5 /* AliPay_BusinessType */ = {
			isa = PBXGroup;
			children = (
				CD6A0EF41E27A5390059EBE5 /* Controller */,
				CD6A0EF51E27A5390059EBE5 /* Model */,
				CD6A0EF81E27A5390059EBE5 /* Other */,
				CD6A0EFC1E27A5390059EBE5 /* View */,
			);
			path = AliPay_BusinessType;
			sourceTree = "<group>";
		};
		CD6A0EF41E27A5390059EBE5 /* Controller */ = {
			isa = PBXGroup;
			children = (
			);
			path = Controller;
			sourceTree = "<group>";
		};
		CD6A0EF51E27A5390059EBE5 /* Model */ = {
			isa = PBXGroup;
			children = (
				CD6A0EF61E27A5390059EBE5 /* LLBusinessType.h */,
				CD6A0EF71E27A5390059EBE5 /* LLBusinessType.m */,
			);
			path = Model;
			sourceTree = "<group>";
		};
		CD6A0EF81E27A5390059EBE5 /* Other */ = {
			isa = PBXGroup;
			children = (
				CD6A0EF91E27A5390059EBE5 /* businessType.plist */,
				CD6A0EFA1E27A5390059EBE5 /* LLBusinessTypeFlowLayout.h */,
				CD6A0EFB1E27A5390059EBE5 /* LLBusinessTypeFlowLayout.m */,
			);
			path = Other;
			sourceTree = "<group>";
		};
		CD6A0EFC1E27A5390059EBE5 /* View */ = {
			isa = PBXGroup;
			children = (
				CD6A0EFD1E27A5390059EBE5 /* LLBusinessTypeView.h */,
				CD6A0EFE1E27A5390059EBE5 /* LLBusinessTypeView.m */,
				CD6A0EFF1E27A5390059EBE5 /* LLBussnissTypeCell.h */,
				CD6A0F001E27A5390059EBE5 /* LLBussnissTypeCell.m */,
			);
			path = View;
			sourceTree = "<group>";
		};
		CD96E55A1E287DE100AF1A1D /* AliPay_Moment */ = {
			isa = PBXGroup;
			children = (
				CD96E55B1E287DE100AF1A1D /* Controller */,
				CD96E55E1E287DE100AF1A1D /* Model */,
				CD96E5611E287DE100AF1A1D /* Other */,
				CD96E5631E287DE100AF1A1D /* View */,
			);
			path = AliPay_Moment;
			sourceTree = "<group>";
		};
		CD96E55B1E287DE100AF1A1D /* Controller */ = {
			isa = PBXGroup;
			children = (
				CD96E55C1E287DE100AF1A1D /* LLMomentController.h */,
				CD96E55D1E287DE100AF1A1D /* LLMomentController.m */,
			);
			path = Controller;
			sourceTree = "<group>";
		};
		CD96E55E1E287DE100AF1A1D /* Model */ = {
			isa = PBXGroup;
			children = (
				CD96E55F1E287DE100AF1A1D /* LLMoment.h */,
				CD96E5601E287DE100AF1A1D /* LLMoment.m */,
			);
			path = Model;
			sourceTree = "<group>";
		};
		CD96E5611E287DE100AF1A1D /* Other */ = {
			isa = PBXGroup;
			children = (
				CD96E5621E287DE100AF1A1D /* Moment.plist */,
			);
			path = Other;
			sourceTree = "<group>";
		};
		CD96E5631E287DE100AF1A1D /* View */ = {
			isa = PBXGroup;
			children = (
				CD96E5641E287DE100AF1A1D /* LLMomentCell.h */,
				CD96E5651E287DE100AF1A1D /* LLMomentCell.m */,
				CD96E5661E287DE100AF1A1D /* LLMomentHeaderView.h */,
				CD96E5671E287DE100AF1A1D /* LLMomentHeaderView.m */,
			);
			path = View;
			sourceTree = "<group>";
		};
		CDC9E3D31E24F10900355C7B = {
			isa = PBXGroup;
			children = (
				CDC9E3DE1E24F10900355C7B /* Alipay */,
				CDC9E3DD1E24F10900355C7B /* Products */,
			);
			sourceTree = "<group>";
		};
		CDC9E3DD1E24F10900355C7B /* Products */ = {
			isa = PBXGroup;
			children = (
				CDC9E3DC1E24F10900355C7B /* Alipay.app */,
			);
			name = Products;
			sourceTree = "<group>";
		};
		CDC9E3DE1E24F10900355C7B /* Alipay */ = {
			isa = PBXGroup;
			children = (
				CDC9E4151E24F66600355C7B /* Lib */,
				CDC9E4101E24F66600355C7B /* Common */,
				CDC9E3F61E24F66600355C7B /* Classes */,
				CDC9E4311E24F66600355C7B /* Other */,
				CDC9E3DF1E24F10900355C7B /* Supporting Files */,
			);
			path = Alipay;
			sourceTree = "<group>";
		};
		CDC9E3DF1E24F10900355C7B /* Supporting Files */ = {
			isa = PBXGroup;
			children = (
				CDC9E3EB1E24F10900355C7B /* Assets.xcassets */,
				CDC9E3ED1E24F10900355C7B /* LaunchScreen.storyboard */,
				CDC9E3F01E24F10900355C7B /* Info.plist */,
				CDC9E3E01E24F10900355C7B /* main.m */,
			);
			name = "Supporting Files";
			sourceTree = "<group>";
		};
		CDC9E3F61E24F66600355C7B /* Classes */ = {
			isa = PBXGroup;
			children = (
				CDC9E4061E24F66600355C7B /* Main */,
				CDC9E4011E24F66600355C7B /* Home */,
				CDE217DC1E25E04C0012C4D6 /* Business */,
				CDC9E3FC1E24F66600355C7B /* Friend */,
				CDC9E40B1E24F66600355C7B /* Mine */,
			);
			path = Classes;
			sourceTree = "<group>";
		};
		CDC9E3FC1E24F66600355C7B /* Friend */ = {
			isa = PBXGroup;
			children = (
				CD3F79811E28AF4B00E5CB27 /* Chat */,
				CD96E55A1E287DE100AF1A1D /* AliPay_Moment */,
				CDC9E3FD1E24F66600355C7B /* Controller */,
				CDC9E3FE1E24F66600355C7B /* Model */,
				CDC9E3FF1E24F66600355C7B /* Other */,
				CDC9E4001E24F66600355C7B /* View */,
			);
			path = Friend;
			sourceTree = "<group>";
		};
		CDC9E3FD1E24F66600355C7B /* Controller */ = {
			isa = PBXGroup;
			children = (
				CDEE6EEA1E24FF3000A53165 /* LLFriendViewController.h */,
				CDEE6EEB1E24FF3000A53165 /* LLFriendViewController.m */,
			);
			path = Controller;
			sourceTree = "<group>";
		};
		CDC9E3FE1E24F66600355C7B /* Model */ = {
			isa = PBXGroup;
			children = (
				CD6A0F111E27BCDF0059EBE5 /* LLFriend.h */,
				CD6A0F121E27BCDF0059EBE5 /* LLFriend.m */,
			);
			path = Model;
			sourceTree = "<group>";
		};
		CDC9E3FF1E24F66600355C7B /* Other */ = {
			isa = PBXGroup;
			children = (
				CD6A0F0F1E27BC2F0059EBE5 /* Friends.plist */,
			);
			path = Other;
			sourceTree = "<group>";
		};
		CDC9E4001E24F66600355C7B /* View */ = {
			isa = PBXGroup;
			children = (
				CD6A0F141E27BE950059EBE5 /* LLFriendCell.h */,
				CD6A0F151E27BE950059EBE5 /* LLFriendCell.m */,
				CD6A0F161E27BE950059EBE5 /* LLFriendCell.xib */,
			);
			path = View;
			sourceTree = "<group>";
		};
		CDC9E4011E24F66600355C7B /* Home */ = {
			isa = PBXGroup;
			children = (
				CDC9E4021E24F66600355C7B /* Controller */,
				CDC9E4031E24F66600355C7B /* Model */,
				CDC9E4041E24F66600355C7B /* Other */,
				CDC9E4051E24F66600355C7B /* View */,
			);
			path = Home;
			sourceTree = "<group>";
		};
		CDC9E4021E24F66600355C7B /* Controller */ = {
			isa = PBXGroup;
			children = (
				CDEE6EED1E24FF3D00A53165 /* LLHomeViewController.h */,
				CDEE6EEE1E24FF3D00A53165 /* LLHomeViewController.m */,
			);
			path = Controller;
			sourceTree = "<group>";
		};
		CDC9E4031E24F66600355C7B /* Model */ = {
			isa = PBXGroup;
			children = (
			);
			path = Model;
			sourceTree = "<group>";
		};
		CDC9E4041E24F66600355C7B /* Other */ = {
			isa = PBXGroup;
			children = (
			);
			path = Other;
			sourceTree = "<group>";
		};
		CDC9E4051E24F66600355C7B /* View */ = {
			isa = PBXGroup;
			children = (
				CDCA61DD1E25141C00ACE420 /* LLHomeTopView.h */,
				CDCA61DE1E25141C00ACE420 /* LLHomeTopView.m */,
			);
			path = View;
			sourceTree = "<group>";
		};
		CDC9E4061E24F66600355C7B /* Main */ = {
			isa = PBXGroup;
			children = (
				CDC9E4071E24F66600355C7B /* Controller */,
				CDC9E4081E24F66600355C7B /* Model */,
				CDC9E4091E24F66600355C7B /* Other */,
				CDC9E40A1E24F66600355C7B /* View */,
			);
			path = Main;
			sourceTree = "<group>";
		};
		CDC9E4071E24F66600355C7B /* Controller */ = {
			isa = PBXGroup;
			children = (
				CDEE6EF31E25012F00A53165 /* LLTabBarViewController.h */,
				CDEE6EF41E25012F00A53165 /* LLTabBarViewController.m */,
				CDEB5B831E25062500911C79 /* LLNaviViewController.h */,
				CDEB5B841E25062500911C79 /* LLNaviViewController.m */,
			);
			path = Controller;
			sourceTree = "<group>";
		};
		CDC9E4081E24F66600355C7B /* Model */ = {
			isa = PBXGroup;
			children = (
			);
			path = Model;
			sourceTree = "<group>";
		};
		CDC9E4091E24F66600355C7B /* Other */ = {
			isa = PBXGroup;
			children = (
			);
			path = Other;
			sourceTree = "<group>";
		};
		CDC9E40A1E24F66600355C7B /* View */ = {
			isa = PBXGroup;
			children = (
			);
			path = View;
			sourceTree = "<group>";
		};
		CDC9E40B1E24F66600355C7B /* Mine */ = {
			isa = PBXGroup;
			children = (
				CDC9E40C1E24F66600355C7B /* Controller */,
				CDC9E40D1E24F66600355C7B /* Model */,
				CDC9E40E1E24F66600355C7B /* Other */,
				CDC9E40F1E24F66600355C7B /* View */,
			);
			path = Mine;
			sourceTree = "<group>";
		};
		CDC9E40C1E24F66600355C7B /* Controller */ = {
			isa = PBXGroup;
			children = (
				CDEE6EF01E24FF4900A53165 /* LLMineViewController.h */,
				CDEE6EF11E24FF4900A53165 /* LLMineViewController.m */,
			);
			path = Controller;
			sourceTree = "<group>";
		};
		CDC9E40D1E24F66600355C7B /* Model */ = {
			isa = PBXGroup;
			children = (
				CDDCE9151E2BA1F700241E4D /* LLMineOption.h */,
				CDDCE9161E2BA1F700241E4D /* LLMineOption.m */,
			);
			path = Model;
			sourceTree = "<group>";
		};
		CDC9E40E1E24F66600355C7B /* Other */ = {
			isa = PBXGroup;
			children = (
				CDDCE9181E2BA24300241E4D /* MineOption.plist */,
				CDDCE9121E2BA03600241E4D /* LLMineFlowLayout.h */,
				CDDCE9131E2BA03600241E4D /* LLMineFlowLayout.m */,
			);
			path = Other;
			sourceTree = "<group>";
		};
		CDC9E40F1E24F66600355C7B /* View */ = {
			isa = PBXGroup;
			children = (
				CDDCE91F1E2BA64B00241E4D /* LLMineBalanceCell.h */,
				CDDCE9201E2BA64B00241E4D /* LLMineBalanceCell.m */,
				CDDCE9211E2BA64B00241E4D /* LLMineBalanceCell.xib */,
				CDDCE91A1E2BA62500241E4D /* LLMineInfoCell.h */,
				CDDCE91B1E2BA62500241E4D /* LLMineInfoCell.m */,
				CDDCE91C1E2BA62500241E4D /* LLMineInfoCell.xib */,
				CDDCE9241E2BA67700241E4D /* LLMineOptionCell.h */,
				CDDCE9251E2BA67700241E4D /* LLMineOptionCell.m */,
				CDDCE9261E2BA67700241E4D /* LLMineOptionCell.xib */,
			);
			path = View;
			sourceTree = "<group>";
		};
		CDC9E4101E24F66600355C7B /* Common */ = {
			isa = PBXGroup;
			children = (
				CD6A0F091E27A89D0059EBE5 /* NSArray+Addition.h */,
				CD6A0F0A1E27A89D0059EBE5 /* NSArray+Addition.m */,
				CD6A0F0B1E27A89D0059EBE5 /* NSObject+Addition.h */,
				CD6A0F0C1E27A89D0059EBE5 /* NSObject+Addition.m */,
				CDC9E4111E24F66600355C7B /* NSAttributedString+Additon.h */,
				CDC9E4121E24F66600355C7B /* NSAttributedString+Additon.m */,
				CD6A0F061E27A56B0059EBE5 /* UILabel+Addition.h */,
				CD6A0F071E27A56B0059EBE5 /* UILabel+Addition.m */,
				CDC9E4131E24F66600355C7B /* UIColor+Addition.h */,
				CDC9E4141E24F66600355C7B /* UIColor+Addition.m */,
			);
			path = Common;
			sourceTree = "<group>";
		};
		CDC9E4151E24F66600355C7B /* Lib */ = {
			isa = PBXGroup;
			children = (
				CDC9E4161E24F66600355C7B /* Masonry */,
			);
			path = Lib;
			sourceTree = "<group>";
		};
		CDC9E4161E24F66600355C7B /* Masonry */ = {
			isa = PBXGroup;
			children = (
				CDC9E4171E24F66600355C7B /* Info.plist */,
				CDC9E4181E24F66600355C7B /* MASCompositeConstraint.h */,
				CDC9E4191E24F66600355C7B /* MASCompositeConstraint.m */,
				CDC9E41A1E24F66600355C7B /* MASConstraint+Private.h */,
				CDC9E41B1E24F66600355C7B /* MASConstraint.h */,
				CDC9E41C1E24F66600355C7B /* MASConstraint.m */,
				CDC9E41D1E24F66600355C7B /* MASConstraintMaker.h */,
				CDC9E41E1E24F66600355C7B /* MASConstraintMaker.m */,
				CDC9E41F1E24F66600355C7B /* MASLayoutConstraint.h */,
				CDC9E4201E24F66600355C7B /* MASLayoutConstraint.m */,
				CDC9E4211E24F66600355C7B /* Masonry.h */,
				CDC9E4221E24F66600355C7B /* MASUtilities.h */,
				CDC9E4231E24F66600355C7B /* MASViewAttribute.h */,
				CDC9E4241E24F66600355C7B /* MASViewAttribute.m */,
				CDC9E4251E24F66600355C7B /* MASViewConstraint.h */,
				CDC9E4261E24F66600355C7B /* MASViewConstraint.m */,
				CDC9E4271E24F66600355C7B /* NSArray+MASAdditions.h */,
				CDC9E4281E24F66600355C7B /* NSArray+MASAdditions.m */,
				CDC9E4291E24F66600355C7B /* NSArray+MASShorthandAdditions.h */,
				CDC9E42A1E24F66600355C7B /* NSLayoutConstraint+MASDebugAdditions.h */,
				CDC9E42B1E24F66600355C7B /* NSLayoutConstraint+MASDebugAdditions.m */,
				CDC9E42C1E24F66600355C7B /* View+MASAdditions.h */,
				CDC9E42D1E24F66600355C7B /* View+MASAdditions.m */,
				CDC9E42E1E24F66600355C7B /* View+MASShorthandAdditions.h */,
				CDC9E42F1E24F66600355C7B /* ViewController+MASAdditions.h */,
				CDC9E4301E24F66600355C7B /* ViewController+MASAdditions.m */,
			);
			path = Masonry;
			sourceTree = "<group>";
		};
		CDC9E4311E24F66600355C7B /* Other */ = {
			isa = PBXGroup;
			children = (
				CDC9E4321E24F66600355C7B /* AppDelegate.h */,
				CDC9E4331E24F66600355C7B /* AppDelegate.m */,
			);
			path = Other;
			sourceTree = "<group>";
		};
		CDE217DC1E25E04C0012C4D6 /* Business */ = {
			isa = PBXGroup;
			children = (
				CD6A0EF31E27A5390059EBE5 /* AliPay_BusinessType */,
				CDE217DD1E25E04C0012C4D6 /* Controller */,
				CDE217E01E25E04C0012C4D6 /* Model */,
				CDE217E31E25E04C0012C4D6 /* Other */,
				CDE217E51E25E04C0012C4D6 /* View */,
			);
			path = Business;
			sourceTree = "<group>";
		};
		CDE217DD1E25E04C0012C4D6 /* Controller */ = {
			isa = PBXGroup;
			children = (
				CDE217DE1E25E04C0012C4D6 /* LLBusinessController.h */,
				CDE217DF1E25E04C0012C4D6 /* LLBusinessController.m */,
			);
			path = Controller;
			sourceTree = "<group>";
		};
		CDE217E01E25E04C0012C4D6 /* Model */ = {
			isa = PBXGroup;
			children = (
				CDE217E11E25E04C0012C4D6 /* LLBusinessModel.h */,
				CDE217E21E25E04C0012C4D6 /* LLBusinessModel.m */,
			);
			path = Model;
			sourceTree = "<group>";
		};
		CDE217E31E25E04C0012C4D6 /* Other */ = {
			isa = PBXGroup;
			children = (
				CDE217E41E25E04C0012C4D6 /* business.plist */,
			);
			path = Other;
			sourceTree = "<group>";
		};
		CDE217E51E25E04C0012C4D6 /* View */ = {
			isa = PBXGroup;
			children = (
				CDE217F51E25E0FD0012C4D6 /* LLBusiness.storyboard */,
				CDE217E61E25E04C0012C4D6 /* LLBusinessCell.h */,
				CDE217E71E25E04C0012C4D6 /* LLBusinessCell.m */,
				CDE217E81E25E04C0012C4D6 /* LLBusinessTopPic.h */,
				CDE217E91E25E04C0012C4D6 /* LLBusinessTopPic.m */,
				CDE217EA1E25E04C0012C4D6 /* LLBusinessTopPic.xib */,
				CDE217EB1E25E04C0012C4D6 /* Star */,
			);
			path = View;
			sourceTree = "<group>";
		};
		CDE217EB1E25E04C0012C4D6 /* Star */ = {
			isa = PBXGroup;
			children = (
				CDE217EC1E25E04C0012C4D6 /* LLLevelView.h */,
				CDE217ED1E25E04C0012C4D6 /* LLLevelView.m */,
			);
			path = Star;
			sourceTree = "<group>";
		};
/* End PBXGroup section */

/* Begin PBXNativeTarget section */
		CDC9E3DB1E24F10900355C7B /* Alipay */ = {
			isa = PBXNativeTarget;
			buildConfigurationList = CDC9E3F31E24F10900355C7B /* Build configuration list for PBXNativeTarget "Alipay" */;
			buildPhases = (
				CDC9E3D81E24F10900355C7B /* Sources */,
				CDC9E3D91E24F10900355C7B /* Frameworks */,
				CDC9E3DA1E24F10900355C7B /* Resources */,
			);
			buildRules = (
			);
			dependencies = (
			);
			name = Alipay;
			productName = Alipay;
			productReference = CDC9E3DC1E24F10900355C7B /* Alipay.app */;
			productType = "com.apple.product-type.application";
		};
/* End PBXNativeTarget section */

/* Begin PBXProject section */
		CDC9E3D41E24F10900355C7B /* Project object */ = {
			isa = PBXProject;
			attributes = {
				CLASSPREFIX = LL;
				LastUpgradeCheck = 0820;
				ORGANIZATIONNAME = LockLight;
				TargetAttributes = {
					CDC9E3DB1E24F10900355C7B = {
						CreatedOnToolsVersion = 8.2.1;
						DevelopmentTeam = BV8SCCJTGN;
						ProvisioningStyle = Automatic;
					};
				};
			};
			buildConfigurationList = CDC9E3D71E24F10900355C7B /* Build configuration list for PBXProject "Alipay" */;
			compatibilityVersion = "Xcode 3.2";
			developmentRegion = English;
			hasScannedForEncodings = 0;
			knownRegions = (
				en,
				Base,
			);
			mainGroup = CDC9E3D31E24F10900355C7B;
			productRefGroup = CDC9E3DD1E24F10900355C7B /* Products */;
			projectDirPath = "";
			projectRoot = "";
			targets = (
				CDC9E3DB1E24F10900355C7B /* Alipay */,
			);
		};
/* End PBXProject section */

/* Begin PBXResourcesBuildPhase section */
		CDC9E3DA1E24F10900355C7B /* Resources */ = {
			isa = PBXResourcesBuildPhase;
			buildActionMask = 2147483647;
			files = (
				CDDCE9281E2BA67700241E4D /* LLMineOptionCell.xib in Resources */,
				CDDCE9191E2BA24300241E4D /* MineOption.plist in Resources */,
				CDDCE91E1E2BA62500241E4D /* LLMineInfoCell.xib in Resources */,
				CD3F79921E28C26500E5CB27 /* Chats.plist in Resources */,
				CD6A0F021E27A5390059EBE5 /* businessType.plist in Resources */,
				CDE217F01E25E04C0012C4D6 /* business.plist in Resources */,
				CD6A0F101E27BC2F0059EBE5 /* Friends.plist in Resources */,
				CDC9E4361E24F66600355C7B /* Info.plist in Resources */,
				CD96E56A1E287DE100AF1A1D /* Moment.plist in Resources */,
				CDC9E3EF1E24F10900355C7B /* LaunchScreen.storyboard in Resources */,
				CDDCE9231E2BA64B00241E4D /* LLMineBalanceCell.xib in Resources */,
				CDE217F61E25E0FD0012C4D6 /* LLBusiness.storyboard in Resources */,
				CDE217F31E25E04C0012C4D6 /* LLBusinessTopPic.xib in Resources */,
				CD6A0F181E27BE950059EBE5 /* LLFriendCell.xib in Resources */,
				CDC9E3EC1E24F10900355C7B /* Assets.xcassets in Resources */,
			);
			runOnlyForDeploymentPostprocessing = 0;
		};
/* End PBXResourcesBuildPhase section */

/* Begin PBXSourcesBuildPhase section */
		CDC9E3D81E24F10900355C7B /* Sources */ = {
			isa = PBXSourcesBuildPhase;
			buildActionMask = 2147483647;
			files = (
				CDC9E43E1E24F66600355C7B /* NSLayoutConstraint+MASDebugAdditions.m in Sources */,
				CDE217F21E25E04C0012C4D6 /* LLBusinessTopPic.m in Sources */,
				CD3F798A1E28AFF000E5CB27 /* LLChatViewController.m in Sources */,
				CDDCE9221E2BA64B00241E4D /* LLMineBalanceCell.m in Sources */,
				CDEE6EF51E25012F00A53165 /* LLTabBarViewController.m in Sources */,
				CDC9E43C1E24F66600355C7B /* MASViewConstraint.m in Sources */,
				CDEE6EEC1E24FF3000A53165 /* LLFriendViewController.m in Sources */,
				CDC9E4371E24F66600355C7B /* MASCompositeConstraint.m in Sources */,
				CDC9E43D1E24F66600355C7B /* NSArray+MASAdditions.m in Sources */,
				CD96E56C1E287DE100AF1A1D /* LLMomentHeaderView.m in Sources */,
				CDEB5B851E25062500911C79 /* LLNaviViewController.m in Sources */,
				CD6A0F081E27A56B0059EBE5 /* UILabel+Addition.m in Sources */,
				CD3F798D1E28B0A500E5CB27 /* LLChat.m in Sources */,
				CD3F79901E28B58100E5CB27 /* LLChatViewCell.m in Sources */,
				CD6A0F051E27A5390059EBE5 /* LLBussnissTypeCell.m in Sources */,
				CD96E5681E287DE100AF1A1D /* LLMomentController.m in Sources */,
				CD6A0F041E27A5390059EBE5 /* LLBusinessTypeView.m in Sources */,
				CDE217F11E25E04C0012C4D6 /* LLBusinessCell.m in Sources */,
				CD96E5691E287DE100AF1A1D /* LLMoment.m in Sources */,
				CDC9E4351E24F66600355C7B /* UIColor+Addition.m in Sources */,
				CD6A0F171E27BE950059EBE5 /* LLFriendCell.m in Sources */,
				CDC9E3E11E24F10900355C7B /* main.m in Sources */,
				CDC9E4411E24F66600355C7B /* AppDelegate.m in Sources */,
				CDC9E43A1E24F66600355C7B /* MASLayoutConstraint.m in Sources */,
				CD6A0F011E27A5390059EBE5 /* LLBusinessType.m in Sources */,
				CDDCE9141E2BA03600241E4D /* LLMineFlowLayout.m in Sources */,
				CD6A0F0D1E27A89D0059EBE5 /* NSArray+Addition.m in Sources */,
				CDEE6EEF1E24FF3D00A53165 /* LLHomeViewController.m in Sources */,
				CDC9E4341E24F66600355C7B /* NSAttributedString+Additon.m in Sources */,
				CDEE6EF21E24FF4900A53165 /* LLMineViewController.m in Sources */,
				CDC9E4401E24F66600355C7B /* ViewController+MASAdditions.m in Sources */,
				CDDCE9271E2BA67700241E4D /* LLMineOptionCell.m in Sources */,
				CDE217EE1E25E04C0012C4D6 /* LLBusinessController.m in Sources */,
				CD02453D1E2A3D930030C8E7 /* LLChatOtherTableViewCell.m in Sources */,
				CDC9E43F1E24F66600355C7B /* View+MASAdditions.m in Sources */,
				CDDCE91D1E2BA62500241E4D /* LLMineInfoCell.m in Sources */,
				CDCA61DF1E25141C00ACE420 /* LLHomeTopView.m in Sources */,
				CDC9E43B1E24F66600355C7B /* MASViewAttribute.m in Sources */,
				CDC9E4381E24F66600355C7B /* MASConstraint.m in Sources */,
				CD96E56B1E287DE100AF1A1D /* LLMomentCell.m in Sources */,
				CD6A0F031E27A5390059EBE5 /* LLBusinessTypeFlowLayout.m in Sources */,
				CDE217F41E25E04C0012C4D6 /* LLLevelView.m in Sources */,
				CDDCE9171E2BA1F700241E4D /* LLMineOption.m in Sources */,
				CD6A0F0E1E27A89D0059EBE5 /* NSObject+Addition.m in Sources */,
				CDE217EF1E25E04C0012C4D6 /* LLBusinessModel.m in Sources */,
				CDC9E4391E24F66600355C7B /* MASConstraintMaker.m in Sources */,
				CD6A0F131E27BCDF0059EBE5 /* LLFriend.m in Sources */,
			);
			runOnlyForDeploymentPostprocessing = 0;
		};
/* End PBXSourcesBuildPhase section */

/* Begin PBXVariantGroup section */
		CDC9E3ED1E24F10900355C7B /* LaunchScreen.storyboard */ = {
			isa = PBXVariantGroup;
			children = (
				CDC9E3EE1E24F10900355C7B /* Base */,
			);
			name = LaunchScreen.storyboard;
			sourceTree = "<group>";
		};
/* End PBXVariantGroup section */

/* Begin XCBuildConfiguration section */
		CDC9E3F11E24F10900355C7B /* Debug */ = {
			isa = XCBuildConfiguration;
			buildSettings = {
				ALWAYS_SEARCH_USER_PATHS = NO;
				CLANG_ANALYZER_NONNULL = YES;
				CLANG_CXX_LANGUAGE_STANDARD = "gnu++0x";
				CLANG_CXX_LIBRARY = "libc++";
				CLANG_ENABLE_MODULES = YES;
				CLANG_ENABLE_OBJC_ARC = YES;
				CLANG_WARN_BOOL_CONVERSION = YES;
				CLANG_WARN_CONSTANT_CONVERSION = YES;
				CLANG_WARN_DIRECT_OBJC_ISA_USAGE = YES_ERROR;
				CLANG_WARN_DOCUMENTATION_COMMENTS = YES;
				CLANG_WARN_EMPTY_BODY = YES;
				CLANG_WARN_ENUM_CONVERSION = YES;
				CLANG_WARN_INFINITE_RECURSION = YES;
				CLANG_WARN_INT_CONVERSION = YES;
				CLANG_WARN_OBJC_ROOT_CLASS = YES_ERROR;
				CLANG_WARN_SUSPICIOUS_MOVE = YES;
				CLANG_WARN_UNREACHABLE_CODE = YES;
				CLANG_WARN__DUPLICATE_METHOD_MATCH = YES;
				"CODE_SIGN_IDENTITY[sdk=iphoneos*]" = "iPhone Developer";
				COPY_PHASE_STRIP = NO;
				DEBUG_INFORMATION_FORMAT = dwarf;
				ENABLE_STRICT_OBJC_MSGSEND = YES;
				ENABLE_TESTABILITY = YES;
				GCC_C_LANGUAGE_STANDARD = gnu99;
				GCC_DYNAMIC_NO_PIC = NO;
				GCC_NO_COMMON_BLOCKS = YES;
				GCC_OPTIMIZATION_LEVEL = 0;
				GCC_PREPROCESSOR_DEFINITIONS = (
					"DEBUG=1",
					"$(inherited)",
				);
				GCC_WARN_64_TO_32_BIT_CONVERSION = YES;
				GCC_WARN_ABOUT_RETURN_TYPE = YES_ERROR;
				GCC_WARN_UNDECLARED_SELECTOR = YES;
				GCC_WARN_UNINITIALIZED_AUTOS = YES_AGGRESSIVE;
				GCC_WARN_UNUSED_FUNCTION = YES;
				GCC_WARN_UNUSED_VARIABLE = YES;
				IPHONEOS_DEPLOYMENT_TARGET = 10.2;
				MTL_ENABLE_DEBUG_INFO = YES;
				ONLY_ACTIVE_ARCH = YES;
				SDKROOT = iphoneos;
			};
			name = Debug;
		};
		CDC9E3F21E24F10900355C7B /* Release */ = {
			isa = XCBuildConfiguration;
			buildSettings = {
				ALWAYS_SEARCH_USER_PATHS = NO;
				CLANG_ANALYZER_NONNULL = YES;
				CLANG_CXX_LANGUAGE_STANDARD = "gnu++0x";
				CLANG_CXX_LIBRARY = "libc++";
				CLANG_ENABLE_MODULES = YES;
				CLANG_ENABLE_OBJC_ARC = YES;
				CLANG_WARN_BOOL_CONVERSION = YES;
				CLANG_WARN_CONSTANT_CONVERSION = YES;
				CLANG_WARN_DIRECT_OBJC_ISA_USAGE = YES_ERROR;
				CLANG_WARN_DOCUMENTATION_COMMENTS = YES;
				CLANG_WARN_EMPTY_BODY = YES;
				CLANG_WARN_ENUM_CONVERSION = YES;
				CLANG_WARN_INFINITE_RECURSION = YES;
				CLANG_WARN_INT_CONVERSION = YES;
				CLANG_WARN_OBJC_ROOT_CLASS = YES_ERROR;
				CLANG_WARN_SUSPICIOUS_MOVE = YES;
				CLANG_WARN_UNREACHABLE_CODE = YES;
				CLANG_WARN__DUPLICATE_METHOD_MATCH = YES;
				"CODE_SIGN_IDENTITY[sdk=iphoneos*]" = "iPhone Developer";
				COPY_PHASE_STRIP = NO;
				DEBUG_INFORMATION_FORMAT = "dwarf-with-dsym";
				ENABLE_NS_ASSERTIONS = NO;
				ENABLE_STRICT_OBJC_MSGSEND = YES;
				GCC_C_LANGUAGE_STANDARD = gnu99;
				GCC_NO_COMMON_BLOCKS = YES;
				GCC_WARN_64_TO_32_BIT_CONVERSION = YES;
				GCC_WARN_ABOUT_RETURN_TYPE = YES_ERROR;
				GCC_WARN_UNDECLARED_SELECTOR = YES;
				GCC_WARN_UNINITIALIZED_AUTOS = YES_AGGRESSIVE;
				GCC_WARN_UNUSED_FUNCTION = YES;
				GCC_WARN_UNUSED_VARIABLE = YES;
				IPHONEOS_DEPLOYMENT_TARGET = 10.2;
				MTL_ENABLE_DEBUG_INFO = NO;
				SDKROOT = iphoneos;
				VALIDATE_PRODUCT = YES;
			};
			name = Release;
		};
		CDC9E3F41E24F10900355C7B /* Debug */ = {
			isa = XCBuildConfiguration;
			buildSettings = {
				ASSETCATALOG_COMPILER_APPICON_NAME = AppIcon;
				DEVELOPMENT_TEAM = BV8SCCJTGN;
				INFOPLIST_FILE = Alipay/Info.plist;
				LD_RUNPATH_SEARCH_PATHS = "$(inherited) @executable_path/Frameworks";
				PRODUCT_BUNDLE_IDENTIFIER = "com.LockLightz-gmail.com.Alipay";
				PRODUCT_NAME = "$(TARGET_NAME)";
			};
			name = Debug;
		};
		CDC9E3F51E24F10900355C7B /* Release */ = {
			isa = XCBuildConfiguration;
			buildSettings = {
				ASSETCATALOG_COMPILER_APPICON_NAME = AppIcon;
				DEVELOPMENT_TEAM = BV8SCCJTGN;
				INFOPLIST_FILE = Alipay/Info.plist;
				LD_RUNPATH_SEARCH_PATHS = "$(inherited) @executable_path/Frameworks";
				PRODUCT_BUNDLE_IDENTIFIER = "com.LockLightz-gmail.com.Alipay";
				PRODUCT_NAME = "$(TARGET_NAME)";
			};
			name = Release;
		};
/* End XCBuildConfiguration section */

/* Begin XCConfigurationList section */
		CDC9E3D71E24F10900355C7B /* Build configuration list for PBXProject "Alipay" */ = {
			isa = XCConfigurationList;
			buildConfigurations = (
				CDC9E3F11E24F10900355C7B /* Debug */,
				CDC9E3F21E24F10900355C7B /* Release */,
			);
			defaultConfigurationIsVisible = 0;
			defaultConfigurationName = Release;
		};
		CDC9E3F31E24F10900355C7B /* Build configuration list for PBXNativeTarget "Alipay" */ = {
			isa = XCConfigurationList;
			buildConfigurations = (
				CDC9E3F41E24F10900355C7B /* Debug */,
				CDC9E3F51E24F10900355C7B /* Release */,
			);
			defaultConfigurationIsVisible = 0;
			defaultConfigurationName = Release;
		};
/* End XCConfigurationList section */
	};
	rootObject = CDC9E3D41E24F10900355C7B /* Project object */;
}
